
Microsoft Visual Studio Solution File, Format Version 12.00
# Visual Studio Version 17
VisualStudioVersion = 17.1.32421.90
MinimumVisualStudioVersion = 10.0.40219.1
Project("{FAE04EC0-301F-11D3-BF4B-00C04F79EFBC}") = "Summator", "Summator\Summator.csproj", "{2926B3D3-C83D-4E11-A93B-DE0679E00111}"
EndProject
Project("{FAE04EC0-301F-11D3-BF4B-00C04F79EFBC}") = "Summator.Tests", "Summator.Tests\Summator.Tests.csproj", "{B64EC57E-0ADA-4FF6-93F8-A6EA170CFCE5}"
EndProject
Global
	GlobalSection(SolutionConfigurationPlatforms) = preSolution
		Debug|Any CPU = Debug|Any CPU
		Release|Any CPU = Release|Any CPU
	EndGlobalSection
	GlobalSection(ProjectConfigurationPlatforms) = postSolution
		{2926B3D3-C83D-4E11-A93B-DE0679E00111}.Debug|Any CPU.ActiveCfg = Debug|Any CPU
		{2926B3D3-C83D-4E11-A93B-DE0679E00111}.Debug|Any CPU.Build.0 = Debug|Any CPU
		{2926B3D3-C83D-4E11-A93B-DE0679E00111}.Release|Any CPU.ActiveCfg = Release|Any CPU
		{2926B3D3-C83D-4E11-A93B-DE0679E00111}.Release|Any CPU.Build.0 = Release|Any CPU
		{B64EC57E-0ADA-4FF6-93F8-A6EA170CFCE5}.Debug|Any CPU.ActiveCfg = Debug|Any CPU
		{B64EC57E-0ADA-4FF6-93F8-A6EA170CFCE5}.Debug|Any CPU.Build.0 = Debug|Any CPU
		{B64EC57E-0ADA-4FF6-93F8-A6EA170CFCE5}.Release|Any CPU.ActiveCfg = Release|Any CPU
		{B64EC57E-0ADA-4FF6-93F8-A6EA170CFCE5}.Release|Any CPU.Build.0 = Release|Any CPU
	EndGlobalSection
	GlobalSection(SolutionProperties) = preSolution
		HideSolutionNode = FALSE
	EndGlobalSection
	GlobalSection(ExtensibilityGlobals) = postSolution
		SolutionGuid = {1C4ABE9A-1B08-4E81-9B62-940AFE6F3B12}
	EndGlobalSection
EndGlobal
